# This file is generated by running "yarn install" inside your project.
# Manual changes might be lost - proceed with caution!

__metadata:
  version: 8
  cacheKey: 10

"@actions/core@npm:^1.10.1":
  version: 1.10.1
  resolution: "@actions/core@npm:1.10.1"
  dependencies:
    "@actions/http-client": "npm:^2.0.1"
    uuid: "npm:^8.3.2"
  checksum: 10/d32af783ecb07f25a0f190112ee8e749a4c4cb88327d6df756ea1dcee146ab413c0e651a9c949294f8202ced1436c049d7b469485431a5cc4491d66926ec8323
  languageName: node
  linkType: hard

"@actions/http-client@npm:^2.0.1":
  version: 2.2.1
  resolution: "@actions/http-client@npm:2.2.1"
  dependencies:
    tunnel: "npm:^0.0.6"
    undici: "npm:^5.25.4"
  checksum: 10/b7338f13461eeca945acc9ccdd20a46e545624dc872bc12869eca7d9a58536ee3e1ecc0d1a1d4c16e8610c2b783e7108e12148b6db5d7fb8bf8b950b8a002d66
  languageName: node
  linkType: hard

"@fastify/busboy@npm:^2.0.0":
  version: 2.1.1
  resolution: "@fastify/busboy@npm:2.1.1"
  checksum: 10/2bb8a7eca8289ed14c9eb15239bc1019797454624e769b39a0b90ed204d032403adc0f8ed0d2aef8a18c772205fa7808cf5a1b91f21c7bfc7b6032150b1062c5
  languageName: node
  linkType: hard

"@sapphire/prettier-config@npm:^2.0.0":
  version: 2.0.0
  resolution: "@sapphire/prettier-config@npm:2.0.0"
  dependencies:
    prettier: "npm:^3.0.0"
  checksum: 10/900ec710173f05a31e3fe25151221d2c5f0d385d2f6e0b68d3a4713412e70871e6b64c3107d1f6952fff7e5032cb37186b9b522ab1eb048bbde6de09e8ecb027
  languageName: node
  linkType: hard

"actions-test@workspace:.":
  version: 0.0.0-use.local
  resolution: "actions-test@workspace:."
  dependencies:
    "@actions/core": "npm:^1.10.1"
    "@sapphire/prettier-config": "npm:^2.0.0"
    colorette: "npm:^2.0.20"
    prettier: "npm:^3.3.3"
  languageName: unknown
  linkType: soft

"colorette@npm:^2.0.20":
  version: 2.0.20
  resolution: "colorette@npm:2.0.20"
  checksum: 10/0b8de48bfa5d10afc160b8eaa2b9938f34a892530b2f7d7897e0458d9535a066e3998b49da9d21161c78225b272df19ae3a64d6df28b4c9734c0e55bbd02406f
  languageName: node
  linkType: hard

"prettier@npm:^3.0.0, prettier@npm:^3.3.3":
  version: 3.3.3
  resolution: "prettier@npm:3.3.3"
  bin:
    prettier: bin/prettier.cjs
  checksum: 10/5beac1f30b5b40162532b8e2f7c3a4eb650910a2695e9c8512a62ffdc09dae93190c29db9107fa7f26d1b6c71aad3628ecb9b5de1ecb0911191099be109434d7
  languageName: node
  linkType: hard

"tunnel@npm:^0.0.6":
  version: 0.0.6
  resolution: "tunnel@npm:0.0.6"
  checksum: 10/cf1ffed5e67159b901a924dbf94c989f20b2b3b65649cfbbe4b6abb35955ce2cf7433b23498bdb2c5530ab185b82190fce531597b3b4a649f06a907fc8702405
  languageName: node
  linkType: hard

"undici@npm:^5.25.4":
  version: 5.28.3
  resolution: "undici@npm:5.28.3"
  dependencies:
    "@fastify/busboy": "npm:^2.0.0"
  checksum: 10/779856ce14ba6907c0759df8e4babd61608b1f502569d44de7dd1d014afb7c67a0a2997b4f706e0daff8a55d87ee2f25b830b195fc0202cb6fbd25abe2d941eb
  languageName: node
  linkType: hard

"uuid@npm:^8.3.2":
  version: 8.3.2
  resolution: "uuid@npm:8.3.2"
  bin:
    uuid: dist/bin/uuid
  checksum: 10/9a5f7aa1d6f56dd1e8d5f2478f855f25c645e64e26e347a98e98d95781d5ed20062d6cca2eecb58ba7c84bc3910be95c0451ef4161906abaab44f9cb68ffbdd1
  languageName: node
  linkType: hard
